<?xml version="1.0" encoding="utf-8"?>
<Project ToolsVersion="4.0" xmlns="http://schemas.microsoft.com/developer/msbuild/2003">
  <ItemGroup>
    <Filter Include="Assets">
      <UniqueIdentifier>6cde9ea3-2b4d-4df6-b5af-e990d05bb6d2</UniqueIdentifier>
      <Extensions>ico;cur;bmp;dds;dlg;fbx;rct;bin;rgs;gif;jpg;jpeg;jpe;resx;tga;tiff;tif;png;wav;mfcribbon-ms</Extensions>
    </Filter>
    <Filter Include="Library">
      <UniqueIdentifier>{1165570a-9604-4691-b4e1-b1c4c3d1f3ff}</UniqueIdentifier>
    </Filter>
    <Filter Include="Library\Common">
      <UniqueIdentifier>682ebd43-4e4e-46be-a2f6-eeef49ae1feb</UniqueIdentifier>
    </Filter>
    <Filter Include="Library\System">
      <UniqueIdentifier>{9651da4c-0221-4b7c-a086-9f84608e574b}</UniqueIdentifier>
    </Filter>
    <Filter Include="Game">
      <UniqueIdentifier>{db21da1c-7227-4aa8-94d1-064167788626}</UniqueIdentifier>
    </Filter>
    <Filter Include="Library\Framework">
      <UniqueIdentifier>{f517e536-5a89-44d3-a943-894917b681fb}</UniqueIdentifier>
    </Filter>
    <Filter Include="Library\Utility">
      <UniqueIdentifier>{26262578-c79b-41cb-8bee-2d81f45a0cd2}</UniqueIdentifier>
    </Filter>
    <Filter Include="Library\Graphic2D">
      <UniqueIdentifier>{cfa1baea-2a8f-4fec-99fb-12c64ebaec38}</UniqueIdentifier>
    </Filter>
    <Filter Include="Library\Math">
      <UniqueIdentifier>{c71ea040-d039-4cf9-be19-ae828ae8d63f}</UniqueIdentifier>
    </Filter>
    <Filter Include="Shader">
      <UniqueIdentifier>{ec345d4f-184c-42ac-9f89-f457a87f1494}</UniqueIdentifier>
    </Filter>
    <Filter Include="Shader\VertexShader">
      <UniqueIdentifier>{e6c55906-fb60-4310-86a1-0ab0fb31190c}</UniqueIdentifier>
    </Filter>
    <Filter Include="Shader\PixelShader">
      <UniqueIdentifier>{35a855b2-9bc6-4b3c-8e28-49de5c1c0812}</UniqueIdentifier>
    </Filter>
    <Filter Include="Shader\Header">
      <UniqueIdentifier>{c60ca84f-3f9c-4fe8-b6b8-83d475aef2e4}</UniqueIdentifier>
    </Filter>
    <Filter Include="Library\Input">
      <UniqueIdentifier>{05c296b3-3d6a-4d9c-bde1-f723fe8db1ff}</UniqueIdentifier>
    </Filter>
    <Filter Include="Library\Scene">
      <UniqueIdentifier>{918e317c-072a-402c-81bc-30b65eeecbf6}</UniqueIdentifier>
    </Filter>
    <Filter Include="Library\Graphic3D">
      <UniqueIdentifier>{ee086029-2d06-414d-8929-d0015cf57c7b}</UniqueIdentifier>
    </Filter>
    <Filter Include="Library\Camera">
      <UniqueIdentifier>{d077e0a2-d040-43cd-9995-63dcc2a4bb40}</UniqueIdentifier>
    </Filter>
    <Filter Include="Library\Debug">
      <UniqueIdentifier>{aae399d1-d478-4b9e-9abf-d38de63b5fc5}</UniqueIdentifier>
    </Filter>
    <Filter Include="Library\Sound">
      <UniqueIdentifier>{35643e8e-0e43-4e2e-816d-35493764cae2}</UniqueIdentifier>
    </Filter>
    <Filter Include="Library\Graphic3D\Model">
      <UniqueIdentifier>{caa69cbc-a6cd-4494-bb3b-f66c1c58da07}</UniqueIdentifier>
    </Filter>
    <Filter Include="Resources">
      <UniqueIdentifier>{fddedb46-d4d6-4f1a-9985-3fb3e1c4d5a9}</UniqueIdentifier>
    </Filter>
    <Filter Include="Resources\FBX">
      <UniqueIdentifier>{e559f46a-780a-4e99-a5f9-e5842cd98256}</UniqueIdentifier>
    </Filter>
    <Filter Include="Library\Animation">
      <UniqueIdentifier>{21b64de6-4dd9-4fd5-be7b-b05db50a7a04}</UniqueIdentifier>
    </Filter>
    <Filter Include="Library\Collision">
      <UniqueIdentifier>{952d0700-d94b-460c-a145-aa99c39b0dca}</UniqueIdentifier>
    </Filter>
    <Filter Include="Library\Collision\Shape">
      <UniqueIdentifier>{8e4c3892-a00b-45ce-94c5-f4cc32474980}</UniqueIdentifier>
    </Filter>
    <Filter Include="Library\Graphic2D\UI">
      <UniqueIdentifier>{4fcf86c9-fb9e-474c-87bb-0311c5c77b2e}</UniqueIdentifier>
    </Filter>
    <Filter Include="Library\Physics">
      <UniqueIdentifier>{051c5777-b1a2-4830-a69a-81ef99ea1d75}</UniqueIdentifier>
    </Filter>
    <Filter Include="Library\Shader">
      <UniqueIdentifier>{8abeae07-c799-42eb-a008-66e90d3ad2ec}</UniqueIdentifier>
    </Filter>
    <Filter Include="Library\Shader\Header">
      <UniqueIdentifier>{b7912880-f22a-4dc0-8de7-39d1c0b8e306}</UniqueIdentifier>
    </Filter>
    <Filter Include="Library\Shader\VertexShader">
      <UniqueIdentifier>{60ad2b0b-f66f-44dc-9321-d8d03ab6dde9}</UniqueIdentifier>
    </Filter>
    <Filter Include="Library\Shader\GeometryShader">
      <UniqueIdentifier>{72c2691a-bfe1-4ee0-8f5f-7375e06bf6b5}</UniqueIdentifier>
    </Filter>
    <Filter Include="Library\Shader\PixelShader">
      <UniqueIdentifier>{81b86076-ef49-4e3e-8208-05b92f5e9ad4}</UniqueIdentifier>
    </Filter>
    <Filter Include="Shader\GeometryShader">
      <UniqueIdentifier>{9dff3075-084b-469c-bd01-df13467c9168}</UniqueIdentifier>
    </Filter>
    <Filter Include="Game\Play">
      <UniqueIdentifier>{6dbfd990-2e54-4dfe-8deb-9fae76916e65}</UniqueIdentifier>
    </Filter>
    <Filter Include="Game\Play\Controller">
      <UniqueIdentifier>{c12de3cf-ecc0-4897-9732-4b8c3498eda8}</UniqueIdentifier>
    </Filter>
    <Filter Include="Game\Play\Object">
      <UniqueIdentifier>{3c4b6e64-a041-417a-8ff8-41c91653b56c}</UniqueIdentifier>
    </Filter>
    <Filter Include="Game\Play\Controller\Enemy">
      <UniqueIdentifier>{9cca0b62-03fc-4191-988a-d3987f1da518}</UniqueIdentifier>
    </Filter>
    <Filter Include="Game\Play\Object\Enemy">
      <UniqueIdentifier>{a91263bc-2ae4-426d-888a-44ebd1afeddf}</UniqueIdentifier>
    </Filter>
    <Filter Include="Game\Play\Object\Stage">
      <UniqueIdentifier>{72a66300-fafc-4314-9145-b3d1b1951c6b}</UniqueIdentifier>
    </Filter>
    <Filter Include="Game\Play\Object\UI">
      <UniqueIdentifier>{d1a9e4bb-54fd-492f-b511-ef6774e73a2b}</UniqueIdentifier>
    </Filter>
    <Filter Include="Game\Play\Object\UI\Animation">
      <UniqueIdentifier>{9a5a8195-2294-4d18-ae71-c7cd2379c5ba}</UniqueIdentifier>
    </Filter>
    <Filter Include="Game\Play\Object\UI\Parts">
      <UniqueIdentifier>{bfbec0e9-199c-49cb-ab90-f47b2037b56b}</UniqueIdentifier>
    </Filter>
    <Filter Include="Game\Scenes">
      <UniqueIdentifier>{746137e9-0037-404f-9769-2c460e486476}</UniqueIdentifier>
    </Filter>
    <Filter Include="Game\Title">
      <UniqueIdentifier>{3c0df68f-1be2-41d9-8403-50bdcc5ba58a}</UniqueIdentifier>
    </Filter>
    <Filter Include="Game\Title\Object">
      <UniqueIdentifier>{08a8bbe0-4ccb-47f8-b0b2-b2cc3e2591b9}</UniqueIdentifier>
    </Filter>
    <Filter Include="Game\Title\Object\UI">
      <UniqueIdentifier>{4876a755-d6f9-4a6f-a5ae-e324c64d87ea}</UniqueIdentifier>
    </Filter>
    <Filter Include="Game\Utility">
      <UniqueIdentifier>{973a4bfd-384b-4752-8b91-85ec298d0126}</UniqueIdentifier>
    </Filter>
    <Filter Include="Resources\Sounds">
      <UniqueIdentifier>{3f9b70c5-5969-4d8c-9811-cf751bb6bb06}</UniqueIdentifier>
    </Filter>
  </ItemGroup>
  <ItemGroup>
    <ClInclude Include="pch.h" />
    <ClInclude Include="Library\Common\DeviceResources.h">
      <Filter>Library\Common</Filter>
    </ClInclude>
    <ClInclude Include="Library\Common\StepTimer.h">
      <Filter>Library\Common</Filter>
    </ClInclude>
    <ClInclude Include="Library\System\SingletonBase.h">
      <Filter>Library\System</Filter>
    </ClInclude>
    <ClInclude Include="Game\Game.h">
      <Filter>Game</Filter>
    </ClInclude>
    <ClInclude Include="Library\Framework\Framework.h">
      <Filter>Library\Framework</Filter>
    </ClInclude>
    <ClInclude Include="Library\Utility\BinaryFileLoader.h">
      <Filter>Library\Utility</Filter>
    </ClInclude>
    <ClInclude Include="Library\Graphic2D\PrimitiveManager2D.h">
      <Filter>Library\Graphic2D</Filter>
    </ClInclude>
    <ClInclude Include="Library\Math\Math.h">
      <Filter>Library\Math</Filter>
    </ClInclude>
    <ClInclude Include="Library\Input\KeyboardUtil.h">
      <Filter>Library\Input</Filter>
    </ClInclude>
    <ClInclude Include="Library\Input\MouseUtil.h">
      <Filter>Library\Input</Filter>
    </ClInclude>
    <ClInclude Include="Library\Scene\SceneBase.h">
      <Filter>Library\Scene</Filter>
    </ClInclude>
    <ClInclude Include="Library\Scene\SceneManager.h">
      <Filter>Library\Scene</Filter>
    </ClInclude>
    <ClInclude Include="Library\Graphic2D\Sprite.h">
      <Filter>Library\Graphic2D</Filter>
    </ClInclude>
    <ClInclude Include="Library\Utility\TextureManager.h">
      <Filter>Library\Utility</Filter>
    </ClInclude>
    <ClInclude Include="Library\Graphic3D\PrimitiveManager3D.h">
      <Filter>Library\Graphic3D</Filter>
    </ClInclude>
    <ClInclude Include="Library\Camera\Camera.h">
      <Filter>Library\Camera</Filter>
    </ClInclude>
    <ClInclude Include="Library\Math\Transform.h">
      <Filter>Library\Math</Filter>
    </ClInclude>
    <ClInclude Include="Library\Debug\DebugCamera.h">
      <Filter>Library\Debug</Filter>
    </ClInclude>
    <ClInclude Include="Library\Sound\SoundManager.h">
      <Filter>Library\Sound</Filter>
    </ClInclude>
    <ClInclude Include="Library\Sound\SoundPlayer.h">
      <Filter>Library\Sound</Filter>
    </ClInclude>
    <ClInclude Include="Library\Graphic3D\Model\Model.h">
      <Filter>Library\Graphic3D\Model</Filter>
    </ClInclude>
    <ClInclude Include="Library\Graphic3D\Model\ModelDeta.h">
      <Filter>Library\Graphic3D\Model</Filter>
    </ClInclude>
    <ClInclude Include="Library\Graphic3D\Model\ModelManager.h">
      <Filter>Library\Graphic3D\Model</Filter>
    </ClInclude>
    <ClInclude Include="Library\Graphic3D\Model\PMDData.h">
      <Filter>Library\Graphic3D\Model</Filter>
    </ClInclude>
    <ClInclude Include="Library\Utility\String.h">
      <Filter>Library\Utility</Filter>
    </ClInclude>
    <ClInclude Include="Library\Graphic3D\Model\ModelMesh.h">
      <Filter>Library\Graphic3D\Model</Filter>
    </ClInclude>
    <ClInclude Include="Library\Graphic3D\Model\ModelBone.h">
      <Filter>Library\Graphic3D\Model</Filter>
    </ClInclude>
    <ClInclude Include="Library\Graphic3D\Model\PMXData.h">
      <Filter>Library\Graphic3D\Model</Filter>
    </ClInclude>
    <ClInclude Include="Library\Animation\MotionManager.h">
      <Filter>Library\Animation</Filter>
    </ClInclude>
    <ClInclude Include="Library\Animation\VMDData.h">
      <Filter>Library\Animation</Filter>
    </ClInclude>
    <ClInclude Include="Library\Collision\Collision.h">
      <Filter>Library\Collision</Filter>
    </ClInclude>
    <ClInclude Include="Library\Collision\CollisionInterface.h">
      <Filter>Library\Collision</Filter>
    </ClInclude>
    <ClInclude Include="Library\Collision\CollisionManager.h">
      <Filter>Library\Collision</Filter>
    </ClInclude>
    <ClInclude Include="Library\Collision\SphereShape.h">
      <Filter>Library\Collision\Shape</Filter>
    </ClInclude>
    <ClInclude Include="Library\Collision\CollisionShape.h">
      <Filter>Library\Collision\Shape</Filter>
    </ClInclude>
    <ClInclude Include="Library\Collision\CubeShape.h">
      <Filter>Library\Collision\Shape</Filter>
    </ClInclude>
    <ClInclude Include="Library\Graphic2D\UI\Canvas.h">
      <Filter>Library\Graphic2D\UI</Filter>
    </ClInclude>
    <ClInclude Include="Library\Graphic2D\UI\SpriteUI.h">
      <Filter>Library\Graphic2D\UI</Filter>
    </ClInclude>
    <ClInclude Include="Library\Physics\PhysicsManager.h">
      <Filter>Library\Physics</Filter>
    </ClInclude>
    <ClInclude Include="Library\Physics\RigidBody.h">
      <Filter>Library\Physics</Filter>
    </ClInclude>
    <ClInclude Include="Library\System\ControllerBase.h">
      <Filter>Library\System</Filter>
    </ClInclude>
    <ClInclude Include="Library\System\GameObject.h">
      <Filter>Library\System</Filter>
    </ClInclude>
    <ClInclude Include="Library\Shader\ShaderManager.h">
      <Filter>Library\Shader</Filter>
    </ClInclude>
    <ClInclude Include="Game\Play\Controller\Enemy\EnemyController.h">
      <Filter>Game\Play\Controller\Enemy</Filter>
    </ClInclude>
    <ClInclude Include="Game\Play\Controller\PlayerController.h">
      <Filter>Game\Play\Controller</Filter>
    </ClInclude>
    <ClInclude Include="Game\Play\Controller\TileController.h">
      <Filter>Game\Play\Controller</Filter>
    </ClInclude>
    <ClInclude Include="Game\Play\Object\Enemy\Enemy.h">
      <Filter>Game\Play\Object\Enemy</Filter>
    </ClInclude>
    <ClInclude Include="Game\Play\Object\Stage\Tile.h">
      <Filter>Game\Play\Object\Stage</Filter>
    </ClInclude>
    <ClInclude Include="Game\Play\Object\Player.h">
      <Filter>Game\Play\Object</Filter>
    </ClInclude>
    <ClInclude Include="Game\Play\Object\UI\Number.h">
      <Filter>Game\Play\Object\UI</Filter>
    </ClInclude>
    <ClInclude Include="Game\Play\Object\UI\ReadyAndGo.h">
      <Filter>Game\Play\Object\UI</Filter>
    </ClInclude>
    <ClInclude Include="Game\Play\Object\UI\RemainingLives.h">
      <Filter>Game\Play\Object\UI</Filter>
    </ClInclude>
    <ClInclude Include="Game\Play\Object\UI\Round.h">
      <Filter>Game\Play\Object\UI</Filter>
    </ClInclude>
    <ClInclude Include="Game\Play\Object\UI\UIFrame.h">
      <Filter>Game\Play\Object\UI</Filter>
    </ClInclude>
    <ClInclude Include="Game\Play\Object\UI\Animator.h">
      <Filter>Game\Play\Object\UI\Animation</Filter>
    </ClInclude>
    <ClInclude Include="Game\Play\Object\UI\AnimeCrip.h">
      <Filter>Game\Play\Object\UI\Animation</Filter>
    </ClInclude>
    <ClInclude Include="Game\Play\Object\UI\Take1.h">
      <Filter>Game\Play\Object\UI\Animation</Filter>
    </ClInclude>
    <ClInclude Include="Game\Play\Object\UI\Take2.h">
      <Filter>Game\Play\Object\UI\Animation</Filter>
    </ClInclude>
    <ClInclude Include="Game\Play\Object\UI\Take3.h">
      <Filter>Game\Play\Object\UI\Animation</Filter>
    </ClInclude>
    <ClInclude Include="Game\Play\Object\UI\Take4.h">
      <Filter>Game\Play\Object\UI\Animation</Filter>
    </ClInclude>
    <ClInclude Include="Game\Play\Object\UI\Take5.h">
      <Filter>Game\Play\Object\UI\Animation</Filter>
    </ClInclude>
    <ClInclude Include="Game\Play\Object\UI\Take6.h">
      <Filter>Game\Play\Object\UI\Animation</Filter>
    </ClInclude>
    <ClInclude Include="Game\Play\Object\UI\Take7.h">
      <Filter>Game\Play\Object\UI\Animation</Filter>
    </ClInclude>
    <ClInclude Include="Game\Play\Object\UI\Take8.h">
      <Filter>Game\Play\Object\UI\Animation</Filter>
    </ClInclude>
    <ClInclude Include="Game\Play\Object\UI\BackgroundParts.h">
      <Filter>Game\Play\Object\UI\Parts</Filter>
    </ClInclude>
    <ClInclude Include="Game\Play\Object\UI\BottomParts.h">
      <Filter>Game\Play\Object\UI\Parts</Filter>
    </ClInclude>
    <ClInclude Include="Game\Play\Object\UI\ItemBackgroundParts.h">
      <Filter>Game\Play\Object\UI\Parts</Filter>
    </ClInclude>
    <ClInclude Include="Game\Play\Object\UI\LargeScreenParts.h">
      <Filter>Game\Play\Object\UI\Parts</Filter>
    </ClInclude>
    <ClInclude Include="Game\Play\Object\UI\SmallScreenParts.h">
      <Filter>Game\Play\Object\UI\Parts</Filter>
    </ClInclude>
    <ClInclude Include="Game\Play\Object\UI\TopParts.h">
      <Filter>Game\Play\Object\UI\Parts</Filter>
    </ClInclude>
    <ClInclude Include="Game\Scenes\PlayScene.h">
      <Filter>Game\Scenes</Filter>
    </ClInclude>
    <ClInclude Include="Game\Scenes\TitleScene.h">
      <Filter>Game\Scenes</Filter>
    </ClInclude>
    <ClInclude Include="Game\Title\Object\UI\BaseBackground.h">
      <Filter>Game\Title\Object\UI</Filter>
    </ClInclude>
    <ClInclude Include="Game\Title\Object\UI\SelectUI.h">
      <Filter>Game\Title\Object\UI</Filter>
    </ClInclude>
    <ClInclude Include="Game\Title\Object\UI\TileBackground.h">
      <Filter>Game\Title\Object\UI</Filter>
    </ClInclude>
    <ClInclude Include="Game\Title\Object\UI\Title.h">
      <Filter>Game\Title\Object\UI</Filter>
    </ClInclude>
    <ClInclude Include="Game\Utility\EnemyManager.h">
      <Filter>Game\Utility</Filter>
    </ClInclude>
    <ClInclude Include="Game\Utility\ObjactTag.h">
      <Filter>Game\Utility</Filter>
    </ClInclude>
    <ClInclude Include="Game\Utility\ScoreManager.h">
      <Filter>Game\Utility</Filter>
    </ClInclude>
    <ClInclude Include="Game\Utility\StageManager.h">
      <Filter>Game\Utility</Filter>
    </ClInclude>
    <ClInclude Include="Game\Utility\TaskManager.h">
      <Filter>Game\Utility</Filter>
    </ClInclude>
    <ClInclude Include="Game\Play\Object\Stage\SkyDome.h">
      <Filter>Game\Play\Object\Stage</Filter>
    </ClInclude>
    <ClInclude Include="Resources\Sounds\Motos_acf.h">
      <Filter>Resources\Sounds</Filter>
    </ClInclude>
    <ClInclude Include="Resources\Sounds\Play.h">
      <Filter>Resources\Sounds</Filter>
    </ClInclude>
    <ClInclude Include="Resources\Sounds\Title.h">
      <Filter>Resources\Sounds</Filter>
    </ClInclude>
  </ItemGroup>
  <ItemGroup>
    <ClCompile Include="pch.cpp" />
    <ClCompile Include="Main.cpp" />
    <ClCompile Include="Library\Common\DeviceResources.cpp">
      <Filter>Library\Common</Filter>
    </ClCompile>
    <ClCompile Include="Game\Game.cpp">
      <Filter>Game</Filter>
    </ClCompile>
    <ClCompile Include="Library\Framework\Framework.cpp">
      <Filter>Library\Framework</Filter>
    </ClCompile>
    <ClCompile Include="Library\Utility\BinaryFileLoader.cpp">
      <Filter>Library\Utility</Filter>
    </ClCompile>
    <ClCompile Include="Library\Graphic2D\PrimitiveManager2D.cpp">
      <Filter>Library\Graphic2D</Filter>
    </ClCompile>
    <ClCompile Include="Library\Input\KeyboardUtil.cpp">
      <Filter>Library\Input</Filter>
    </ClCompile>
    <ClCompile Include="Library\Input\MouseUtil.cpp">
      <Filter>Library\Input</Filter>
    </ClCompile>
    <ClCompile Include="Library\Scene\SceneBase.cpp">
      <Filter>Library\Scene</Filter>
    </ClCompile>
    <ClCompile Include="Library\Scene\SceneManager.cpp">
      <Filter>Library\Scene</Filter>
    </ClCompile>
    <ClCompile Include="Library\Graphic2D\Sprite.cpp">
      <Filter>Library\Graphic2D</Filter>
    </ClCompile>
    <ClCompile Include="Library\Utility\TextureManager.cpp">
      <Filter>Library\Utility</Filter>
    </ClCompile>
    <ClCompile Include="Library\Graphic3D\PrimitiveManager3D.cpp">
      <Filter>Library\Graphic3D</Filter>
    </ClCompile>
    <ClCompile Include="Library\Camera\Camera.cpp">
      <Filter>Library\Camera</Filter>
    </ClCompile>
    <ClCompile Include="Library\Math\Transform.cpp">
      <Filter>Library\Math</Filter>
    </ClCompile>
    <ClCompile Include="Library\Debug\DebugCamera.cpp">
      <Filter>Library\Debug</Filter>
    </ClCompile>
    <ClCompile Include="Library\Sound\SoundManager.cpp">
      <Filter>Library\Sound</Filter>
    </ClCompile>
    <ClCompile Include="Library\Sound\SoundPlayer.cpp">
      <Filter>Library\Sound</Filter>
    </ClCompile>
    <ClCompile Include="Library\Graphic3D\Model\Model.cpp">
      <Filter>Library\Graphic3D\Model</Filter>
    </ClCompile>
    <ClCompile Include="Library\Graphic3D\Model\ModelManager.cpp">
      <Filter>Library\Graphic3D\Model</Filter>
    </ClCompile>
    <ClCompile Include="Library\Utility\String.cpp">
      <Filter>Library\Utility</Filter>
    </ClCompile>
    <ClCompile Include="Library\Graphic3D\Model\ModelMesh.cpp">
      <Filter>Library\Graphic3D\Model</Filter>
    </ClCompile>
    <ClCompile Include="Library\Graphic3D\Model\ModelBone.cpp">
      <Filter>Library\Graphic3D\Model</Filter>
    </ClCompile>
    <ClCompile Include="Library\Graphic3D\Model\PMXData.cpp">
      <Filter>Library\Graphic3D\Model</Filter>
    </ClCompile>
    <ClCompile Include="Library\Animation\MotionManager.cpp">
      <Filter>Library\Animation</Filter>
    </ClCompile>
    <ClCompile Include="Library\Collision\Collision.cpp">
      <Filter>Library\Collision</Filter>
    </ClCompile>
    <ClCompile Include="Library\Collision\CollisionInterface.cpp">
      <Filter>Library\Collision</Filter>
    </ClCompile>
    <ClCompile Include="Library\Collision\CollisionManager.cpp">
      <Filter>Library\Collision</Filter>
    </ClCompile>
    <ClCompile Include="Library\Collision\CubeShape.cpp">
      <Filter>Library\Collision\Shape</Filter>
    </ClCompile>
    <ClCompile Include="Library\Collision\SphereShape.cpp">
      <Filter>Library\Collision\Shape</Filter>
    </ClCompile>
    <ClCompile Include="Library\Collision\CollisionShape.cpp">
      <Filter>Library\Collision\Shape</Filter>
    </ClCompile>
    <ClCompile Include="Library\Graphic2D\UI\Canvas.cpp">
      <Filter>Library\Graphic2D\UI</Filter>
    </ClCompile>
    <ClCompile Include="Library\Physics\PhysicsManager.cpp">
      <Filter>Library\Physics</Filter>
    </ClCompile>
    <ClCompile Include="Library\Physics\RigidBody.cpp">
      <Filter>Library\Physics</Filter>
    </ClCompile>
    <ClCompile Include="Library\System\GameObject.cpp">
      <Filter>Library\System</Filter>
    </ClCompile>
    <ClCompile Include="Library\Shader\ShaderManager.cpp">
      <Filter>Library\Shader</Filter>
    </ClCompile>
    <ClCompile Include="Game\Play\Controller\Enemy\EnemyController.cpp">
      <Filter>Game\Play\Controller\Enemy</Filter>
    </ClCompile>
    <ClCompile Include="Game\Play\Controller\PlayerController.cpp">
      <Filter>Game\Play\Controller</Filter>
    </ClCompile>
    <ClCompile Include="Game\Play\Controller\TileController.cpp">
      <Filter>Game\Play\Controller</Filter>
    </ClCompile>
    <ClCompile Include="Game\Play\Object\Enemy\Enemy.cpp">
      <Filter>Game\Play\Object\Enemy</Filter>
    </ClCompile>
    <ClCompile Include="Game\Play\Object\Stage\Tile.cpp">
      <Filter>Game\Play\Object\Stage</Filter>
    </ClCompile>
    <ClCompile Include="Game\Play\Object\Player.cpp">
      <Filter>Game\Play\Object</Filter>
    </ClCompile>
    <ClCompile Include="Game\Play\Object\UI\Number.cpp">
      <Filter>Game\Play\Object\UI</Filter>
    </ClCompile>
    <ClCompile Include="Game\Play\Object\UI\ReadyAndGo.cpp">
      <Filter>Game\Play\Object\UI</Filter>
    </ClCompile>
    <ClCompile Include="Game\Play\Object\UI\RemainingLives.cpp">
      <Filter>Game\Play\Object\UI</Filter>
    </ClCompile>
    <ClCompile Include="Game\Play\Object\UI\Round.cpp">
      <Filter>Game\Play\Object\UI</Filter>
    </ClCompile>
    <ClCompile Include="Game\Play\Object\UI\UIFrame.cpp">
      <Filter>Game\Play\Object\UI</Filter>
    </ClCompile>
    <ClCompile Include="Game\Play\Object\UI\Animator.cpp">
      <Filter>Game\Play\Object\UI\Animation</Filter>
    </ClCompile>
    <ClCompile Include="Game\Play\Object\UI\AnimeCrip.cpp">
      <Filter>Game\Play\Object\UI\Animation</Filter>
    </ClCompile>
    <ClCompile Include="Game\Play\Object\UI\Take1.cpp">
      <Filter>Game\Play\Object\UI\Animation</Filter>
    </ClCompile>
    <ClCompile Include="Game\Play\Object\UI\Take2.cpp">
      <Filter>Game\Play\Object\UI\Animation</Filter>
    </ClCompile>
    <ClCompile Include="Game\Play\Object\UI\Take3.cpp">
      <Filter>Game\Play\Object\UI\Animation</Filter>
    </ClCompile>
    <ClCompile Include="Game\Play\Object\UI\Take4.cpp">
      <Filter>Game\Play\Object\UI\Animation</Filter>
    </ClCompile>
    <ClCompile Include="Game\Play\Object\UI\Take5.cpp">
      <Filter>Game\Play\Object\UI\Animation</Filter>
    </ClCompile>
    <ClCompile Include="Game\Play\Object\UI\Take6.cpp">
      <Filter>Game\Play\Object\UI\Animation</Filter>
    </ClCompile>
    <ClCompile Include="Game\Play\Object\UI\Take7.cpp">
      <Filter>Game\Play\Object\UI\Animation</Filter>
    </ClCompile>
    <ClCompile Include="Game\Play\Object\UI\Take8.cpp">
      <Filter>Game\Play\Object\UI\Animation</Filter>
    </ClCompile>
    <ClCompile Include="Game\Play\Object\UI\BackgroundParts.cpp">
      <Filter>Game\Play\Object\UI\Parts</Filter>
    </ClCompile>
    <ClCompile Include="Game\Play\Object\UI\BottomParts.cpp">
      <Filter>Game\Play\Object\UI\Parts</Filter>
    </ClCompile>
    <ClCompile Include="Game\Play\Object\UI\ItemBackgroundParts.cpp">
      <Filter>Game\Play\Object\UI\Parts</Filter>
    </ClCompile>
    <ClCompile Include="Game\Play\Object\UI\LargeScreenParts.cpp">
      <Filter>Game\Play\Object\UI\Parts</Filter>
    </ClCompile>
    <ClCompile Include="Game\Play\Object\UI\SmallScreenParts.cpp">
      <Filter>Game\Play\Object\UI\Parts</Filter>
    </ClCompile>
    <ClCompile Include="Game\Play\Object\UI\TopParts.cpp">
      <Filter>Game\Play\Object\UI\Parts</Filter>
    </ClCompile>
    <ClCompile Include="Game\Scenes\PlayScene.cpp">
      <Filter>Game\Scenes</Filter>
    </ClCompile>
    <ClCompile Include="Game\Scenes\TitleScene.cpp">
      <Filter>Game\Scenes</Filter>
    </ClCompile>
    <ClCompile Include="Game\Title\Object\UI\BaseBackground.cpp">
      <Filter>Game\Title\Object\UI</Filter>
    </ClCompile>
    <ClCompile Include="Game\Title\Object\UI\SelectUI.cpp">
      <Filter>Game\Title\Object\UI</Filter>
    </ClCompile>
    <ClCompile Include="Game\Title\Object\UI\TileBackground.cpp">
      <Filter>Game\Title\Object\UI</Filter>
    </ClCompile>
    <ClCompile Include="Game\Title\Object\UI\Title.cpp">
      <Filter>Game\Title\Object\UI</Filter>
    </ClCompile>
    <ClCompile Include="Game\Utility\EnemyManager.cpp">
      <Filter>Game\Utility</Filter>
    </ClCompile>
    <ClCompile Include="Game\Utility\ScoreManager.cpp">
      <Filter>Game\Utility</Filter>
    </ClCompile>
    <ClCompile Include="Game\Utility\StageManager.cpp">
      <Filter>Game\Utility</Filter>
    </ClCompile>
    <ClCompile Include="Game\Utility\TaskManager.cpp">
      <Filter>Game\Utility</Filter>
    </ClCompile>
    <ClCompile Include="Game\Play\Object\Stage\SkyDome.cpp">
      <Filter>Game\Play\Object\Stage</Filter>
    </ClCompile>
  </ItemGroup>
  <ItemGroup>
    <ResourceCompile Include="resource.rc" />
  </ItemGroup>
  <ItemGroup>
    <Image Include="directx.ico">
      <Filter>Assets</Filter>
    </Image>
  </ItemGroup>
  <ItemGroup>
    <Manifest Include="settings.manifest">
      <Filter>Assets</Filter>
    </Manifest>
  </ItemGroup>
  <ItemGroup>
    <None Include="Library\Shader\Header\Model.hlsli">
      <Filter>Library\Shader\Header</Filter>
    </None>
    <None Include="Library\Shader\Header\Primitive2D.hlsli">
      <Filter>Library\Shader\Header</Filter>
    </None>
    <None Include="Library\Shader\Header\Primitive3D.hlsli">
      <Filter>Library\Shader\Header</Filter>
    </None>
    <None Include="Library\Shader\Header\SkinningModel.hlsli">
      <Filter>Library\Shader\Header</Filter>
    </None>
    <None Include="Library\Shader\Header\SpriteHeader.hlsli">
      <Filter>Library\Shader\Header</Filter>
    </None>
    <None Include="Shader\Header\TileBackground.hlsli">
      <Filter>Shader\Header</Filter>
    </None>
    <None Include="Shader\Header\SkyDomeHeader.hlsli">
      <Filter>Shader\Header</Filter>
    </None>
  </ItemGroup>
  <ItemGroup>
    <FxCompile Include="Library\Shader\PixelShader\ModelPixelShader.hlsl">
      <Filter>Library\Shader\PixelShader</Filter>
    </FxCompile>
    <FxCompile Include="Library\Shader\PixelShader\Primitive2DPixelShader.hlsl">
      <Filter>Library\Shader\PixelShader</Filter>
    </FxCompile>
    <FxCompile Include="Library\Shader\PixelShader\Primitive3DPixelShader.hlsl">
      <Filter>Library\Shader\PixelShader</Filter>
    </FxCompile>
    <FxCompile Include="Library\Shader\PixelShader\SkinningModelPixelShader.hlsl">
      <Filter>Library\Shader\PixelShader</Filter>
    </FxCompile>
    <FxCompile Include="Library\Shader\PixelShader\SpritePixelShader.hlsl">
      <Filter>Library\Shader\PixelShader</Filter>
    </FxCompile>
    <FxCompile Include="Library\Shader\VertexShader\ModelVertexShader.hlsl">
      <Filter>Library\Shader\VertexShader</Filter>
    </FxCompile>
    <FxCompile Include="Library\Shader\VertexShader\Primitive2DVertexShader.hlsl">
      <Filter>Library\Shader\VertexShader</Filter>
    </FxCompile>
    <FxCompile Include="Library\Shader\VertexShader\Primitive3DVertexShader.hlsl">
      <Filter>Library\Shader\VertexShader</Filter>
    </FxCompile>
    <FxCompile Include="Library\Shader\VertexShader\Primitive3DVertexShader2.hlsl">
      <Filter>Library\Shader\VertexShader</Filter>
    </FxCompile>
    <FxCompile Include="Library\Shader\VertexShader\SkinningModelVertexShader.hlsl">
      <Filter>Library\Shader\VertexShader</Filter>
    </FxCompile>
    <FxCompile Include="Library\Shader\VertexShader\SpriteVertexShader.hlsl">
      <Filter>Library\Shader\VertexShader</Filter>
    </FxCompile>
    <FxCompile Include="Library\Shader\GeometryShader\Primitive3DGeometryShader.hlsl">
      <Filter>Library\Shader\GeometryShader</Filter>
    </FxCompile>
    <FxCompile Include="Shader\VertexShader\TileBackgroundVertexShader.hlsl">
      <Filter>Shader\VertexShader</Filter>
    </FxCompile>
    <FxCompile Include="Shader\PixelShader\TileBackgroundPixelShader.hlsl">
      <Filter>Shader\PixelShader</Filter>
    </FxCompile>
    <FxCompile Include="Shader\PixelShader\TilePixelShader.hlsl">
      <Filter>Shader\PixelShader</Filter>
    </FxCompile>
    <FxCompile Include="Shader\GeometryShader\SkyDomeGeometryShader.hlsl">
      <Filter>Shader\GeometryShader</Filter>
    </FxCompile>
    <FxCompile Include="Shader\PixelShader\SkyDomePixelShader.hlsl">
      <Filter>Shader\PixelShader</Filter>
    </FxCompile>
    <FxCompile Include="Shader\VertexShader\SkyDomeVertexShader.hlsl">
      <Filter>Shader\VertexShader</Filter>
    </FxCompile>
  </ItemGroup>
</Project>